
Microsoft Visual Studio Solution File, Format Version 12.00
# Visual Studio Version 16
VisualStudioVersion = 16.0.31515.178
MinimumVisualStudioVersion = 10.0.40219.1
Project("{FAE04EC0-301F-11D3-BF4B-00C04F79EFBC}") = "WebApp-Cubits", "WebApp-Cubits\WebApp-Cubits.csproj", "{A7D278FB-A822-4B0C-AA97-6E891FD51505}"
EndProject
Global
	GlobalSection(SolutionConfigurationPlatforms) = preSolution
		Debug|Any CPU = Debug|Any CPU
		Release|Any CPU = Release|Any CPU
	EndGlobalSection
	GlobalSection(ProjectConfigurationPlatforms) = postSolution
		{A7D278FB-A822-4B0C-AA97-6E891FD51505}.Debug|Any CPU.ActiveCfg = Debug|Any CPU
		{A7D278FB-A822-4B0C-AA97-6E891FD51505}.Debug|Any CPU.Build.0 = Debug|Any CPU
		{A7D278FB-A822-4B0C-AA97-6E891FD51505}.Release|Any CPU.ActiveCfg = Release|Any CPU
		{A7D278FB-A822-4B0C-AA97-6E891FD51505}.Release|Any CPU.Build.0 = Release|Any CPU
	EndGlobalSection
	GlobalSection(SolutionProperties) = preSolution
		HideSolutionNode = FALSE
	EndGlobalSection
	GlobalSection(ExtensibilityGlobals) = postSolution
		SolutionGuid = {3607C9B1-9542-4075-95CE-F9A3BA9E0565}
	EndGlobalSection
EndGlobal
